
Microsoft Visual Studio Solution File, Format Version 12.00
# Visual Studio Version 17
VisualStudioVersion = 17.4.33213.308
MinimumVisualStudioVersion = 10.0.40219.1
Project("{FAE04EC0-301F-11D3-BF4B-00C04F79EFBC}") = "CapaPresentacionAdmin", "CapaPresentacionAdmin\CapaPresentacionAdmin.csproj", "{E887C10A-BB0F-4D0C-9C84-C9B627E32DA3}"
EndProject
Project("{FAE04EC0-301F-11D3-BF4B-00C04F79EFBC}") = "CapaPresentacionTIenda", "CapaPresentacionTIenda\CapaPresentacionTIenda.csproj", "{AD035EBE-60D5-464B-B7E6-C1B05CB14F44}"
EndProject
Project("{FAE04EC0-301F-11D3-BF4B-00C04F79EFBC}") = "CapaDatos", "CapaDatos\CapaDatos.csproj", "{FDB25FE9-9D66-491D-91F1-CDCDF05288E6}"
EndProject
Project("{FAE04EC0-301F-11D3-BF4B-00C04F79EFBC}") = "CapaEntidad", "CapaEntidad\CapaEntidad.csproj", "{B75B1880-84D4-4EBB-8976-91CA4D93948C}"
EndProject
Project("{FAE04EC0-301F-11D3-BF4B-00C04F79EFBC}") = "CapaNegocio", "CapaNegocio\CapaNegocio.csproj", "{82C11A72-3FC6-4355-A5B2-D399F021C99B}"
EndProject
Global
	GlobalSection(SolutionConfigurationPlatforms) = preSolution
		Debug|Any CPU = Debug|Any CPU
		Release|Any CPU = Release|Any CPU
	EndGlobalSection
	GlobalSection(ProjectConfigurationPlatforms) = postSolution
		{E887C10A-BB0F-4D0C-9C84-C9B627E32DA3}.Debug|Any CPU.ActiveCfg = Debug|Any CPU
		{E887C10A-BB0F-4D0C-9C84-C9B627E32DA3}.Debug|Any CPU.Build.0 = Debug|Any CPU
		{E887C10A-BB0F-4D0C-9C84-C9B627E32DA3}.Release|Any CPU.ActiveCfg = Release|Any CPU
		{E887C10A-BB0F-4D0C-9C84-C9B627E32DA3}.Release|Any CPU.Build.0 = Release|Any CPU
		{AD035EBE-60D5-464B-B7E6-C1B05CB14F44}.Debug|Any CPU.ActiveCfg = Debug|Any CPU
		{AD035EBE-60D5-464B-B7E6-C1B05CB14F44}.Debug|Any CPU.Build.0 = Debug|Any CPU
		{AD035EBE-60D5-464B-B7E6-C1B05CB14F44}.Release|Any CPU.ActiveCfg = Release|Any CPU
		{AD035EBE-60D5-464B-B7E6-C1B05CB14F44}.Release|Any CPU.Build.0 = Release|Any CPU
		{FDB25FE9-9D66-491D-91F1-CDCDF05288E6}.Debug|Any CPU.ActiveCfg = Debug|Any CPU
		{FDB25FE9-9D66-491D-91F1-CDCDF05288E6}.Debug|Any CPU.Build.0 = Debug|Any CPU
		{FDB25FE9-9D66-491D-91F1-CDCDF05288E6}.Release|Any CPU.ActiveCfg = Release|Any CPU
		{FDB25FE9-9D66-491D-91F1-CDCDF05288E6}.Release|Any CPU.Build.0 = Release|Any CPU
		{B75B1880-84D4-4EBB-8976-91CA4D93948C}.Debug|Any CPU.ActiveCfg = Debug|Any CPU
		{B75B1880-84D4-4EBB-8976-91CA4D93948C}.Debug|Any CPU.Build.0 = Debug|Any CPU
		{B75B1880-84D4-4EBB-8976-91CA4D93948C}.Release|Any CPU.ActiveCfg = Release|Any CPU
		{B75B1880-84D4-4EBB-8976-91CA4D93948C}.Release|Any CPU.Build.0 = Release|Any CPU
		{82C11A72-3FC6-4355-A5B2-D399F021C99B}.Debug|Any CPU.ActiveCfg = Debug|Any CPU
		{82C11A72-3FC6-4355-A5B2-D399F021C99B}.Debug|Any CPU.Build.0 = Debug|Any CPU
		{82C11A72-3FC6-4355-A5B2-D399F021C99B}.Release|Any CPU.ActiveCfg = Release|Any CPU
		{82C11A72-3FC6-4355-A5B2-D399F021C99B}.Release|Any CPU.Build.0 = Release|Any CPU
	EndGlobalSection
	GlobalSection(SolutionProperties) = preSolution
		HideSolutionNode = FALSE
	EndGlobalSection
	GlobalSection(ExtensibilityGlobals) = postSolution
		SolutionGuid = {C040CEF4-E408-45F5-B633-FE180CB1665F}
	EndGlobalSection
EndGlobal
